
Microsoft Visual Studio Solution File, Format Version 12.00
# Visual Studio Version 17
VisualStudioVersion = 17.1.32407.343
MinimumVisualStudioVersion = 10.0.40219.1
Project("{FAE04EC0-301F-11D3-BF4B-00C04F79EFBC}") = "exercise5", "exercise5\exercise5.csproj", "{33310FFC-E81D-4407-AA54-3CD66ACAE010}"
EndProject
Global
	GlobalSection(SolutionConfigurationPlatforms) = preSolution
		Debug|Any CPU = Debug|Any CPU
		Release|Any CPU = Release|Any CPU
	EndGlobalSection
	GlobalSection(ProjectConfigurationPlatforms) = postSolution
		{33310FFC-E81D-4407-AA54-3CD66ACAE010}.Debug|Any CPU.ActiveCfg = Debug|Any CPU
		{33310FFC-E81D-4407-AA54-3CD66ACAE010}.Debug|Any CPU.Build.0 = Debug|Any CPU
		{33310FFC-E81D-4407-AA54-3CD66ACAE010}.Release|Any CPU.ActiveCfg = Release|Any CPU
		{33310FFC-E81D-4407-AA54-3CD66ACAE010}.Release|Any CPU.Build.0 = Release|Any CPU
	EndGlobalSection
	GlobalSection(SolutionProperties) = preSolution
		HideSolutionNode = FALSE
	EndGlobalSection
	GlobalSection(ExtensibilityGlobals) = postSolution
		SolutionGuid = {61DAF6B0-7E7F-472C-8EB8-AB83DA28C858}
	EndGlobalSection
EndGlobal
